// !$*UTF8*$!
{
	archiveVersion = 1;
	classes = {
	};
	objectVersion = 50;
	objects = {

/* Begin PBXBuildFile section */
		687FBAC1250824AC00EADA03 /* HashflagApp.swift in Sources */ = {isa = PBXBuildFile; fileRef = 687FBAC0250824AC00EADA03 /* HashflagApp.swift */; };
		687FBAC3250824AC00EADA03 /* ContentView.swift in Sources */ = {isa = PBXBuildFile; fileRef = 687FBAC2250824AC00EADA03 /* ContentView.swift */; };
		687FBAC5250824AD00EADA03 /* Assets.xcassets in Resources */ = {isa = PBXBuildFile; fileRef = 687FBAC4250824AD00EADA03 /* Assets.xcassets */; };
		687FBAC8250824AD00EADA03 /* Preview Assets.xcassets in Resources */ = {isa = PBXBuildFile; fileRef = 687FBAC7250824AD00EADA03 /* Preview Assets.xcassets */; };
		687FBACA250824AD00EADA03 /* Persistence.swift in Sources */ = {isa = PBXBuildFile; fileRef = 687FBAC9250824AD00EADA03 /* Persistence.swift */; };
		687FBACD250824AD00EADA03 /* Hashflag.xcdatamodeld in Sources */ = {isa = PBXBuildFile; fileRef = 687FBACB250824AD00EADA03 /* Hashflag.xcdatamodeld */; };
/* End PBXBuildFile section */

/* Begin PBXFileReference section */
		687FBABD250824AC00EADA03 /* Hashflag.app */ = {isa = PBXFileReference; explicitFileType = wrapper.application; includeInIndex = 0; path = Hashflag.app; sourceTree = BUILT_PRODUCTS_DIR; };
		687FBAC0250824AC00EADA03 /* HashflagApp.swift */ = {isa = PBXFileReference; lastKnownFileType = sourcecode.swift; path = HashflagApp.swift; sourceTree = "<group>"; };
		687FBAC2250824AC00EADA03 /* ContentView.swift */ = {isa = PBXFileReference; lastKnownFileType = sourcecode.swift; path = ContentView.swift; sourceTree = "<group>"; };
		687FBAC4250824AD00EADA03 /* Assets.xcassets */ = {isa = PBXFileReference; lastKnownFileType = folder.assetcatalog; path = Assets.xcassets; sourceTree = "<group>"; };
		687FBAC7250824AD00EADA03 /* Preview Assets.xcassets */ = {isa = PBXFileReference; lastKnownFileType = folder.assetcatalog; path = "Preview Assets.xcassets"; sourceTree = "<group>"; };
		687FBAC9250824AD00EADA03 /* Persistence.swift */ = {isa = PBXFileReference; lastKnownFileType = sourcecode.swift; path = Persistence.swift; sourceTree = "<group>"; };
		687FBACC250824AD00EADA03 /* Hashflag.xcdatamodel */ = {isa = PBXFileReference; lastKnownFileType = wrapper.xcdatamodel; path = Hashflag.xcdatamodel; sourceTree = "<group>"; };
		687FBACE250824AD00EADA03 /* Info.plist */ = {isa = PBXFileReference; lastKnownFileType = text.plist.xml; path = Info.plist; sourceTree = "<group>"; };
/* End PBXFileReference section */

/* Begin PBXFrameworksBuildPhase section */
		687FBABA250824AC00EADA03 /* Frameworks */ = {
			isa = PBXFrameworksBuildPhase;
			buildActionMask = 2147483647;
			files = (
			);
			runOnlyForDeploymentPostprocessing = 0;
		};
/* End PBXFrameworksBuildPhase section */

/* Begin PBXGroup section */
		687FBAB4250824AC00EADA03 = {
			isa = PBXGroup;
			children = (
				687FBABF250824AC00EADA03 /* Hashflag */,
				687FBABE250824AC00EADA03 /* Products */,
			);
			sourceTree = "<group>";
		};
		687FBABE250824AC00EADA03 /* Products */ = {
			isa = PBXGroup;
			children = (
				687FBABD250824AC00EADA03 /* Hashflag.app */,
			);
			name = Products;
			sourceTree = "<group>";
		};
		687FBABF250824AC00EADA03 /* Hashflag */ = {
			isa = PBXGroup;
			children = (
				687FBAC0250824AC00EADA03 /* HashflagApp.swift */,
				687FBAC2250824AC00EADA03 /* ContentView.swift */,
				687FBAC4250824AD00EADA03 /* Assets.xcassets */,
				687FBAC9250824AD00EADA03 /* Persistence.swift */,
				687FBACE250824AD00EADA03 /* Info.plist */,
				687FBACB250824AD00EADA03 /* Hashflag.xcdatamodeld */,
				687FBAC6250824AD00EADA03 /* Preview Content */,
			);
			path = Hashflag;
			sourceTree = "<group>";
		};
		687FBAC6250824AD00EADA03 /* Preview Content */ = {
			isa = PBXGroup;
			children = (
				687FBAC7250824AD00EADA03 /* Preview Assets.xcassets */,
			);
			path = "Preview Content";
			sourceTree = "<group>";
		};
/* End PBXGroup section */

/* Begin PBXNativeTarget section */
		687FBABC250824AC00EADA03 /* Hashflag */ = {
			isa = PBXNativeTarget;
			buildConfigurationList = 687FBAD1250824AD00EADA03 /* Build configuration list for PBXNativeTarget "Hashflag" */;
			buildPhases = (
				687FBAB9250824AC00EADA03 /* Sources */,
				687FBABA250824AC00EADA03 /* Frameworks */,
				687FBABB250824AC00EADA03 /* Resources */,
			);
			buildRules = (
			);
			dependencies = (
			);
			name = Hashflag;
			productName = Hashflag;
			productReference = 687FBABD250824AC00EADA03 /* Hashflag.app */;
			productType = "com.apple.product-type.application";
		};
/* End PBXNativeTarget section */

/* Begin PBXProject section */
		687FBAB5250824AC00EADA03 /* Project object */ = {
			isa = PBXProject;
			attributes = {
				LastSwiftUpdateCheck = 1200;
				LastUpgradeCheck = 1200;
				TargetAttributes = {
					687FBABC250824AC00EADA03 = {
						CreatedOnToolsVersion = 12.0;
					};
				};
			};
			buildConfigurationList = 687FBAB8250824AC00EADA03 /* Build configuration list for PBXProject "Hashflag" */;
			compatibilityVersion = "Xcode 9.3";
			developmentRegion = en;
			hasScannedForEncodings = 0;
			knownRegions = (
				en,
				Base,
			);
			mainGroup = 687FBAB4250824AC00EADA03;
			productRefGroup = 687FBABE250824AC00EADA03 /* Products */;
			projectDirPath = "";
			projectRoot = "";
			targets = (
				687FBABC250824AC00EADA03 /* Hashflag */,
			);
		};
/* End PBXProject section */

/* Begin PBXResourcesBuildPhase section */
		687FBABB250824AC00EADA03 /* Resources */ = {
			isa = PBXResourcesBuildPhase;
			buildActionMask = 2147483647;
			files = (
				687FBAC8250824AD00EADA03 /* Preview Assets.xcassets in Resources */,
				687FBAC5250824AD00EADA03 /* Assets.xcassets in Resources */,
			);
			runOnlyForDeploymentPostprocessing = 0;
		};
/* End PBXResourcesBuildPhase section */

/* Begin PBXSourcesBuildPhase section */
		687FBAB9250824AC00EADA03 /* Sources */ = {
			isa = PBXSourcesBuildPhase;
			buildActionMask = 2147483647;
			files = (
				687FBACA250824AD00EADA03 /* Persistence.swift in Sources */,
				687FBAC3250824AC00EADA03 /* ContentView.swift in Sources */,
				687FBAC1250824AC00EADA03 /* HashflagApp.swift in Sources */,
				687FBACD250824AD00EADA03 /* Hashflag.xcdatamodeld in Sources */,
			);
			runOnlyForDeploymentPostprocessing = 0;
		};
/* End PBXSourcesBuildPhase section */

/* Begin XCBuildConfiguration section */
		687FBACF250824AD00EADA03 /* Debug */ = {
			isa = XCBuildConfiguration;
			buildSettings = {
				ALWAYS_SEARCH_USER_PATHS = NO;
				CLANG_ANALYZER_NONNULL = YES;
				CLANG_ANALYZER_NUMBER_OBJECT_CONVERSION = YES_AGGRESSIVE;
				CLANG_CXX_LANGUAGE_STANDARD = "gnu++14";
				CLANG_CXX_LIBRARY = "libc++";
				CLANG_ENABLE_MODULES = YES;
				CLANG_ENABLE_OBJC_ARC = YES;
				CLANG_ENABLE_OBJC_WEAK = YES;
				CLANG_WARN_BLOCK_CAPTURE_AUTORELEASING = YES;
				CLANG_WARN_BOOL_CONVERSION = YES;
				CLANG_WARN_COMMA = YES;
				CLANG_WARN_CONSTANT_CONVERSION = YES;
				CLANG_WARN_DEPRECATED_OBJC_IMPLEMENTATIONS = YES;
				CLANG_WARN_DIRECT_OBJC_ISA_USAGE = YES_ERROR;
				CLANG_WARN_DOCUMENTATION_COMMENTS = YES;
				CLANG_WARN_EMPTY_BODY = YES;
				CLANG_WARN_ENUM_CONVERSION = YES;
				CLANG_WARN_INFINITE_RECURSION = YES;
				CLANG_WARN_INT_CONVERSION = YES;
				CLANG_WARN_NON_LITERAL_NULL_CONVERSION = YES;
				CLANG_WARN_OBJC_IMPLICIT_RETAIN_SELF = YES;
				CLANG_WARN_OBJC_LITERAL_CONVERSION = YES;
				CLANG_WARN_OBJC_ROOT_CLASS = YES_ERROR;
				CLANG_WARN_QUOTED_INCLUDE_IN_FRAMEWORK_HEADER = YES;
				CLANG_WARN_RANGE_LOOP_ANALYSIS = YES;
				CLANG_WARN_STRICT_PROTOTYPES = YES;
				CLANG_WARN_SUSPICIOUS_MOVE = YES;
				CLANG_WARN_UNGUARDED_AVAILABILITY = YES_AGGRESSIVE;
				CLANG_WARN_UNREACHABLE_CODE = YES;
				CLANG_WARN__DUPLICATE_METHOD_MATCH = YES;
				COPY_PHASE_STRIP = NO;
				DEBUG_INFORMATION_FORMAT = dwarf;
				ENABLE_STRICT_OBJC_MSGSEND = YES;
				ENABLE_TESTABILITY = YES;
				GCC_C_LANGUAGE_STANDARD = gnu11;
				GCC_DYNAMIC_NO_PIC = NO;
				GCC_NO_COMMON_BLOCKS = YES;
				GCC_OPTIMIZATION_LEVEL = 0;
				GCC_PREPROCESSOR_DEFINITIONS = (
					"DEBUG=1",
					"$(inherited)",
				);
				GCC_WARN_64_TO_32_BIT_CONVERSION = YES;
				GCC_WARN_ABOUT_RETURN_TYPE = YES_ERROR;
				GCC_WARN_UNDECLARED_SELECTOR = YES;
				GCC_WARN_UNINITIALIZED_AUTOS = YES_AGGRESSIVE;
				GCC_WARN_UNUSED_FUNCTION = YES;
				GCC_WARN_UNUSED_VARIABLE = YES;
				IPHONEOS_DEPLOYMENT_TARGET = 14.0;
				MTL_ENABLE_DEBUG_INFO = INCLUDE_SOURCE;
				MTL_FAST_MATH = YES;
				ONLY_ACTIVE_ARCH = YES;
				SDKROOT = iphoneos;
				SWIFT_ACTIVE_COMPILATION_CONDITIONS = DEBUG;
				SWIFT_OPTIMIZATION_LEVEL = "-Onone";
			};
			name = Debug;
		};
		687FBAD0250824AD00EADA03 /* Release */ = {
			isa = XCBuildConfiguration;
			buildSettings = {
				ALWAYS_SEARCH_USER_PATHS = NO;
				CLANG_ANALYZER_NONNULL = YES;
				CLANG_ANALYZER_NUMBER_OBJECT_CONVERSION = YES_AGGRESSIVE;
				CLANG_CXX_LANGUAGE_STANDARD = "gnu++14";
				CLANG_CXX_LIBRARY = "libc++";
				CLANG_ENABLE_MODULES = YES;
				CLANG_ENABLE_OBJC_ARC = YES;
				CLANG_ENABLE_OBJC_WEAK = YES;
				CLANG_WARN_BLOCK_CAPTURE_AUTORELEASING = YES;
				CLANG_WARN_BOOL_CONVERSION = YES;
				CLANG_WARN_COMMA = YES;
				CLANG_WARN_CONSTANT_CONVERSION = YES;
				CLANG_WARN_DEPRECATED_OBJC_IMPLEMENTATIONS = YES;
				CLANG_WARN_DIRECT_OBJC_ISA_USAGE = YES_ERROR;
				CLANG_WARN_DOCUMENTATION_COMMENTS = YES;
				CLANG_WARN_EMPTY_BODY = YES;
				CLANG_WARN_ENUM_CONVERSION = YES;
				CLANG_WARN_INFINITE_RECURSION = YES;
				CLANG_WARN_INT_CONVERSION = YES;
				CLANG_WARN_NON_LITERAL_NULL_CONVERSION = YES;
				CLANG_WARN_OBJC_IMPLICIT_RETAIN_SELF = YES;
				CLANG_WARN_OBJC_LITERAL_CONVERSION = YES;
				CLANG_WARN_OBJC_ROOT_CLASS = YES_ERROR;
				CLANG_WARN_QUOTED_INCLUDE_IN_FRAMEWORK_HEADER = YES;
				CLANG_WARN_RANGE_LOOP_ANALYSIS = YES;
				CLANG_WARN_STRICT_PROTOTYPES = YES;
				CLANG_WARN_SUSPICIOUS_MOVE = YES;
				CLANG_WARN_UNGUARDED_AVAILABILITY = YES_AGGRESSIVE;
				CLANG_WARN_UNREACHABLE_CODE = YES;
				CLANG_WARN__DUPLICATE_METHOD_MATCH = YES;
				COPY_PHASE_STRIP = NO;
				DEBUG_INFORMATION_FORMAT = "dwarf-with-dsym";
				ENABLE_NS_ASSERTIONS = NO;
				ENABLE_STRICT_OBJC_MSGSEND = YES;
				GCC_C_LANGUAGE_STANDARD = gnu11;
				GCC_NO_COMMON_BLOCKS = YES;
				GCC_WARN_64_TO_32_BIT_CONVERSION = YES;
				GCC_WARN_ABOUT_RETURN_TYPE = YES_ERROR;
				GCC_WARN_UNDECLARED_SELECTOR = YES;
				GCC_WARN_UNINITIALIZED_AUTOS = YES_AGGRESSIVE;
				GCC_WARN_UNUSED_FUNCTION = YES;
				GCC_WARN_UNUSED_VARIABLE = YES;
				IPHONEOS_DEPLOYMENT_TARGET = 14.0;
				MTL_ENABLE_DEBUG_INFO = NO;
				MTL_FAST_MATH = YES;
				SDKROOT = iphoneos;
				SWIFT_COMPILATION_MODE = wholemodule;
				SWIFT_OPTIMIZATION_LEVEL = "-O";
				VALIDATE_PRODUCT = YES;
			};
			name = Release;
		};
		687FBAD2250824AD00EADA03 /* Debug */ = {
			isa = XCBuildConfiguration;
			buildSettings = {
				ASSETCATALOG_COMPILER_APPICON_NAME = AppIcon;
				ASSETCATALOG_COMPILER_GLOBAL_ACCENT_COLOR_NAME = AccentColor;
				CODE_SIGN_STYLE = Automatic;
				DEVELOPMENT_ASSET_PATHS = "\"Hashflag/Preview Content\"";
				DEVELOPMENT_TEAM = F9PGNEMEHU;
				ENABLE_PREVIEWS = YES;
				INFOPLIST_FILE = Hashflag/Info.plist;
				IPHONEOS_DEPLOYMENT_TARGET = 14.0;
				LD_RUNPATH_SEARCH_PATHS = (
					"$(inherited)",
					"@executable_path/Frameworks",
				);
				PRODUCT_BUNDLE_IDENTIFIER = com.ericlewis.Hashflag;
				PRODUCT_NAME = "$(TARGET_NAME)";
				SWIFT_VERSION = 5.0;
				TARGETED_DEVICE_FAMILY = "1,2";
			};
			name = Debug;
		};
		687FBAD3250824AD00EADA03 /* Release */ = {
			isa = XCBuildConfiguration;
			buildSettings = {
				ASSETCATALOG_COMPILER_APPICON_NAME = AppIcon;
				ASSETCATALOG_COMPILER_GLOBAL_ACCENT_COLOR_NAME = AccentColor;
				CODE_SIGN_STYLE = Automatic;
				DEVELOPMENT_ASSET_PATHS = "\"Hashflag/Preview Content\"";
				DEVELOPMENT_TEAM = F9PGNEMEHU;
				ENABLE_PREVIEWS = YES;
				INFOPLIST_FILE = Hashflag/Info.plist;
				IPHONEOS_DEPLOYMENT_TARGET = 14.0;
				LD_RUNPATH_SEARCH_PATHS = (
					"$(inherited)",
					"@executable_path/Frameworks",
				);
				PRODUCT_BUNDLE_IDENTIFIER = com.ericlewis.Hashflag;
				PRODUCT_NAME = "$(TARGET_NAME)";
				SWIFT_VERSION = 5.0;
				TARGETED_DEVICE_FAMILY = "1,2";
			};
			name = Release;
		};
/* End XCBuildConfiguration section */

/* Begin XCConfigurationList section */
		687FBAB8250824AC00EADA03 /* Build configuration list for PBXProject "Hashflag" */ = {
			isa = XCConfigurationList;
			buildConfigurations = (
				687FBACF250824AD00EADA03 /* Debug */,
				687FBAD0250824AD00EADA03 /* Release */,
			);
			defaultConfigurationIsVisible = 0;
			defaultConfigurationName = Release;
		};
		687FBAD1250824AD00EADA03 /* Build configuration list for PBXNativeTarget "Hashflag" */ = {
			isa = XCConfigurationList;
			buildConfigurations = (
				687FBAD2250824AD00EADA03 /* Debug */,
				687FBAD3250824AD00EADA03 /* Release */,
			);
			defaultConfigurationIsVisible = 0;
			defaultConfigurationName = Release;
		};
/* End XCConfigurationList section */

/* Begin XCVersionGroup section */
		687FBACB250824AD00EADA03 /* Hashflag.xcdatamodeld */ = {
			isa = XCVersionGroup;
			children = (
				687FBACC250824AD00EADA03 /* Hashflag.xcdatamodel */,
			);
			currentVersion = 687FBACC250824AD00EADA03 /* Hashflag.xcdatamodel */;
			path = Hashflag.xcdatamodeld;
			sourceTree = "<group>";
			versionGroupType = wrapper.xcdatamodel;
		};
/* End XCVersionGroup section */
	};
	rootObject = 687FBAB5250824AC00EADA03 /* Project object */;
}
